// !$*UTF8*$!
{
	archiveVersion = 1;
	classes = {
	};
	objectVersion = 46;
	objects = {

/* Begin PBXBuildFile section */
		2C5F7C6218B13DDE000F2154 /* Foundation.framework in Frameworks */ = {isa = PBXBuildFile; fileRef = 2C5F7C6118B13DDE000F2154 /* Foundation.framework */; };
		2C5F7C6518B13DDE000F2154 /* main.m in Sources */ = {isa = PBXBuildFile; fileRef = 2C5F7C6418B13DDE000F2154 /* main.m */; };
		2C5F7C6918B13DDE000F2154 /* Practice1.1 in CopyFiles */ = {isa = PBXBuildFile; fileRef = 2C5F7C6818B13DDE000F2154 /* Practice1.1 */; };
		2C5F7C7118B13DEC000F2154 /* Card.m in Sources */ = {isa = PBXBuildFile; fileRef = 2C5F7C7018B13DEC000F2154 /* Card.m */; };
		2C5F7C7418B13E17000F2154 /* Deck.m in Sources */ = {isa = PBXBuildFile; fileRef = 2C5F7C7318B13E17000F2154 /* Deck.m */; };
		2C5F7C7718B13E45000F2154 /* PlayingCard.m in Sources */ = {isa = PBXBuildFile; fileRef = 2C5F7C7618B13E45000F2154 /* PlayingCard.m */; };
		2C5F7C7A18B1492B000F2154 /* PlayingCardDeck.m in Sources */ = {isa = PBXBuildFile; fileRef = 2C5F7C7918B1492B000F2154 /* PlayingCardDeck.m */; };
/* End PBXBuildFile section */

/* Begin PBXCopyFilesBuildPhase section */
		2C5F7C5B18B13DDE000F2154 /* CopyFiles */ = {
			isa = PBXCopyFilesBuildPhase;
			buildActionMask = 2147483647;
			dstPath = /usr/share/man/man1/;
			dstSubfolderSpec = 0;
			files = (
				2C5F7C6918B13DDE000F2154 /* Practice1.1 in CopyFiles */,
			);
			runOnlyForDeploymentPostprocessing = 1;
		};
/* End PBXCopyFilesBuildPhase section */

/* Begin PBXFileReference section */
		2C5F7C5D18B13DDE000F2154 /* Practice1 */ = {isa = PBXFileReference; explicitFileType = "compiled.mach-o.executable"; includeInIndex = 0; path = Practice1; sourceTree = BUILT_PRODUCTS_DIR; };
		2C5F7C6118B13DDE000F2154 /* Foundation.framework */ = {isa = PBXFileReference; lastKnownFileType = wrapper.framework; name = Foundation.framework; path = System/Library/Frameworks/Foundation.framework; sourceTree = SDKROOT; };
		2C5F7C6418B13DDE000F2154 /* main.m */ = {isa = PBXFileReference; lastKnownFileType = sourcecode.c.objc; path = main.m; sourceTree = "<group>"; };
		2C5F7C6718B13DDE000F2154 /* Practice1-Prefix.pch */ = {isa = PBXFileReference; lastKnownFileType = sourcecode.c.h; path = "Practice1-Prefix.pch"; sourceTree = "<group>"; };
		2C5F7C6818B13DDE000F2154 /* Practice1.1 */ = {isa = PBXFileReference; lastKnownFileType = text.man; path = Practice1.1; sourceTree = "<group>"; };
		2C5F7C6F18B13DEC000F2154 /* Card.h */ = {isa = PBXFileReference; fileEncoding = 4; lastKnownFileType = sourcecode.c.h; path = Card.h; sourceTree = "<group>"; };
		2C5F7C7018B13DEC000F2154 /* Card.m */ = {isa = PBXFileReference; fileEncoding = 4; lastKnownFileType = sourcecode.c.objc; path = Card.m; sourceTree = "<group>"; };
		2C5F7C7218B13E17000F2154 /* Deck.h */ = {isa = PBXFileReference; fileEncoding = 4; lastKnownFileType = sourcecode.c.h; path = Deck.h; sourceTree = "<group>"; };
		2C5F7C7318B13E17000F2154 /* Deck.m */ = {isa = PBXFileReference; fileEncoding = 4; lastKnownFileType = sourcecode.c.objc; path = Deck.m; sourceTree = "<group>"; };
		2C5F7C7518B13E45000F2154 /* PlayingCard.h */ = {isa = PBXFileReference; fileEncoding = 4; lastKnownFileType = sourcecode.c.h; path = PlayingCard.h; sourceTree = "<group>"; };
		2C5F7C7618B13E45000F2154 /* PlayingCard.m */ = {isa = PBXFileReference; fileEncoding = 4; lastKnownFileType = sourcecode.c.objc; path = PlayingCard.m; sourceTree = "<group>"; };
		2C5F7C7818B1492B000F2154 /* PlayingCardDeck.h */ = {isa = PBXFileReference; fileEncoding = 4; lastKnownFileType = sourcecode.c.h; path = PlayingCardDeck.h; sourceTree = "<group>"; };
		2C5F7C7918B1492B000F2154 /* PlayingCardDeck.m */ = {isa = PBXFileReference; fileEncoding = 4; lastKnownFileType = sourcecode.c.objc; path = PlayingCardDeck.m; sourceTree = "<group>"; };
/* End PBXFileReference section */

/* Begin PBXFrameworksBuildPhase section */
		2C5F7C5A18B13DDE000F2154 /* Frameworks */ = {
			isa = PBXFrameworksBuildPhase;
			buildActionMask = 2147483647;
			files = (
				2C5F7C6218B13DDE000F2154 /* Foundation.framework in Frameworks */,
			);
			runOnlyForDeploymentPostprocessing = 0;
		};
/* End PBXFrameworksBuildPhase section */

/* Begin PBXGroup section */
		2C5F7C5218B13DDE000F2154 = {
			isa = PBXGroup;
			children = (
				2C5F7C6318B13DDE000F2154 /* Practice1 */,
				2C5F7C6018B13DDE000F2154 /* Frameworks */,
				2C5F7C5E18B13DDE000F2154 /* Products */,
			);
			sourceTree = "<group>";
		};
		2C5F7C5E18B13DDE000F2154 /* Products */ = {
			isa = PBXGroup;
			children = (
				2C5F7C5D18B13DDE000F2154 /* Practice1 */,
			);
			name = Products;
			sourceTree = "<group>";
		};
		2C5F7C6018B13DDE000F2154 /* Frameworks */ = {
			isa = PBXGroup;
			children = (
				2C5F7C6118B13DDE000F2154 /* Foundation.framework */,
			);
			name = Frameworks;
			sourceTree = "<group>";
		};
		2C5F7C6318B13DDE000F2154 /* Practice1 */ = {
			isa = PBXGroup;
			children = (
				2C5F7C6418B13DDE000F2154 /* main.m */,
				2C5F7C6F18B13DEC000F2154 /* Card.h */,
				2C5F7C7018B13DEC000F2154 /* Card.m */,
				2C5F7C7218B13E17000F2154 /* Deck.h */,
				2C5F7C7318B13E17000F2154 /* Deck.m */,
				2C5F7C7518B13E45000F2154 /* PlayingCard.h */,
				2C5F7C7818B1492B000F2154 /* PlayingCardDeck.h */,
				2C5F7C7918B1492B000F2154 /* PlayingCardDeck.m */,
				2C5F7C7618B13E45000F2154 /* PlayingCard.m */,
				2C5F7C6818B13DDE000F2154 /* Practice1.1 */,
				2C5F7C6618B13DDE000F2154 /* Supporting Files */,
			);
			path = Practice1;
			sourceTree = "<group>";
		};
		2C5F7C6618B13DDE000F2154 /* Supporting Files */ = {
			isa = PBXGroup;
			children = (
				2C5F7C6718B13DDE000F2154 /* Practice1-Prefix.pch */,
			);
			name = "Supporting Files";
			sourceTree = "<group>";
		};
/* End PBXGroup section */

/* Begin PBXNativeTarget section */
		2C5F7C5C18B13DDE000F2154 /* Practice1 */ = {
			isa = PBXNativeTarget;
			buildConfigurationList = 2C5F7C6C18B13DDE000F2154 /* Build configuration list for PBXNativeTarget "Practice1" */;
			buildPhases = (
				2C5F7C5918B13DDE000F2154 /* Sources */,
				2C5F7C5A18B13DDE000F2154 /* Frameworks */,
				2C5F7C5B18B13DDE000F2154 /* CopyFiles */,
			);
			buildRules = (
			);
			dependencies = (
			);
			name = Practice1;
			productName = Practice1;
			productReference = 2C5F7C5D18B13DDE000F2154 /* Practice1 */;
			productType = "com.apple.product-type.tool";
		};
/* End PBXNativeTarget section */

/* Begin PBXProject section */
		2C5F7C5418B13DDE000F2154 /* Project object */ = {
			isa = PBXProject;
			attributes = {
				LastUpgradeCheck = 0440;
				ORGANIZATIONNAME = "Rachel Johnson";
			};
			buildConfigurationList = 2C5F7C5718B13DDE000F2154 /* Build configuration list for PBXProject "Practice1" */;
			compatibilityVersion = "Xcode 3.2";
			developmentRegion = English;
			hasScannedForEncodings = 0;
			knownRegions = (
				en,
			);
			mainGroup = 2C5F7C5218B13DDE000F2154;
			productRefGroup = 2C5F7C5E18B13DDE000F2154 /* Products */;
			projectDirPath = "";
			projectRoot = "";
			targets = (
				2C5F7C5C18B13DDE000F2154 /* Practice1 */,
			);
		};
/* End PBXProject section */

/* Begin PBXSourcesBuildPhase section */
		2C5F7C5918B13DDE000F2154 /* Sources */ = {
			isa = PBXSourcesBuildPhase;
			buildActionMask = 2147483647;
			files = (
				2C5F7C6518B13DDE000F2154 /* main.m in Sources */,
				2C5F7C7118B13DEC000F2154 /* Card.m in Sources */,
				2C5F7C7418B13E17000F2154 /* Deck.m in Sources */,
				2C5F7C7718B13E45000F2154 /* PlayingCard.m in Sources */,
				2C5F7C7A18B1492B000F2154 /* PlayingCardDeck.m in Sources */,
			);
			runOnlyForDeploymentPostprocessing = 0;
		};
/* End PBXSourcesBuildPhase section */

/* Begin XCBuildConfiguration section */
		2C5F7C6A18B13DDE000F2154 /* Debug */ = {
			isa = XCBuildConfiguration;
			buildSettings = {
				ALWAYS_SEARCH_USER_PATHS = NO;
				ARCHS = "$(ARCHS_STANDARD_64_BIT)";
				CLANG_CXX_LANGUAGE_STANDARD = "gnu++0x";
				CLANG_ENABLE_OBJC_ARC = YES;
				CLANG_WARN__DUPLICATE_METHOD_MATCH = YES;
				COPY_PHASE_STRIP = NO;
				GCC_C_LANGUAGE_STANDARD = gnu99;
				GCC_DYNAMIC_NO_PIC = NO;
				GCC_ENABLE_OBJC_EXCEPTIONS = YES;
				GCC_OPTIMIZATION_LEVEL = 0;
				GCC_PREPROCESSOR_DEFINITIONS = (
					"DEBUG=1",
					"$(inherited)",
				);
				GCC_SYMBOLS_PRIVATE_EXTERN = NO;
				GCC_WARN_64_TO_32_BIT_CONVERSION = YES;
				GCC_WARN_ABOUT_RETURN_TYPE = YES;
				GCC_WARN_UNINITIALIZED_AUTOS = YES;
				GCC_WARN_UNUSED_VARIABLE = YES;
				MACOSX_DEPLOYMENT_TARGET = 10.7;
				ONLY_ACTIVE_ARCH = YES;
				SDKROOT = macosx;
			};
			name = Debug;
		};
		2C5F7C6B18B13DDE000F2154 /* Release */ = {
			isa = XCBuildConfiguration;
			buildSettings = {
				ALWAYS_SEARCH_USER_PATHS = NO;
				ARCHS = "$(ARCHS_STANDARD_64_BIT)";
				CLANG_CXX_LANGUAGE_STANDARD = "gnu++0x";
				CLANG_ENABLE_OBJC_ARC = YES;
				CLANG_WARN__DUPLICATE_METHOD_MATCH = YES;
				COPY_PHASE_STRIP = YES;
				DEBUG_INFORMATION_FORMAT = "dwarf-with-dsym";
				GCC_C_LANGUAGE_STANDARD = gnu99;
				GCC_ENABLE_OBJC_EXCEPTIONS = YES;
				GCC_WARN_64_TO_32_BIT_CONVERSION = YES;
				GCC_WARN_ABOUT_RETURN_TYPE = YES;
				GCC_WARN_UNINITIALIZED_AUTOS = YES;
				GCC_WARN_UNUSED_VARIABLE = YES;
				MACOSX_DEPLOYMENT_TARGET = 10.7;
				SDKROOT = macosx;
			};
			name = Release;
		};
		2C5F7C6D18B13DDE000F2154 /* Debug */ = {
			isa = XCBuildConfiguration;
			buildSettings = {
				GCC_PRECOMPILE_PREFIX_HEADER = YES;
				GCC_PREFIX_HEADER = "Practice1/Practice1-Prefix.pch";
				PRODUCT_NAME = "$(TARGET_NAME)";
			};
			name = Debug;
		};
		2C5F7C6E18B13DDE000F2154 /* Release */ = {
			isa = XCBuildConfiguration;
			buildSettings = {
				GCC_PRECOMPILE_PREFIX_HEADER = YES;
				GCC_PREFIX_HEADER = "Practice1/Practice1-Prefix.pch";
				PRODUCT_NAME = "$(TARGET_NAME)";
			};
			name = Release;
		};
/* End XCBuildConfiguration section */

/* Begin XCConfigurationList section */
		2C5F7C5718B13DDE000F2154 /* Build configuration list for PBXProject "Practice1" */ = {
			isa = XCConfigurationList;
			buildConfigurations = (
				2C5F7C6A18B13DDE000F2154 /* Debug */,
				2C5F7C6B18B13DDE000F2154 /* Release */,
			);
			defaultConfigurationIsVisible = 0;
			defaultConfigurationName = Release;
		};
		2C5F7C6C18B13DDE000F2154 /* Build configuration list for PBXNativeTarget "Practice1" */ = {
			isa = XCConfigurationList;
			buildConfigurations = (
				2C5F7C6D18B13DDE000F2154 /* Debug */,
				2C5F7C6E18B13DDE000F2154 /* Release */,
			);
			defaultConfigurationIsVisible = 0;
		};
/* End XCConfigurationList section */
	};
	rootObject = 2C5F7C5418B13DDE000F2154 /* Project object */;
}
